{
  "version": 2,
  "go": "1.25.5",
  "cliGuard": "v0.44.0",
  "goMod": [
    "module specverbgen.local/build",
    "",
    "go 1.25.5",
    "",
    "require (",
    "\tforgejo.coilysiren.me/coilyco-flight-deck/cli-guard v0.44.0",
    "\tgithub.com/aws/aws-sdk-go-v2/config v1.32.25",
    "\tgithub.com/aws/aws-sdk-go-v2/service/ssm v1.69.3",
    "\tgithub.com/urfave/cli/v3 v3.9.0",
    ")",
    "",
    "require (",
    "\tgithub.com/aws/aws-sdk-go-v2 v1.42.0 // indirect",
    "\tgithub.com/aws/aws-sdk-go-v2/credentials v1.19.24 // indirect",
    "\tgithub.com/aws/aws-sdk-go-v2/feature/ec2/imds v1.18.29 // indirect",
    "\tgithub.com/aws/aws-sdk-go-v2/internal/configsources v1.4.29 // indirect",
    "\tgithub.com/aws/aws-sdk-go-v2/internal/endpoints/v2 v2.7.29 // indirect",
    "\tgithub.com/aws/aws-sdk-go-v2/internal/v4a v1.4.30 // indirect",
    "\tgithub.com/aws/aws-sdk-go-v2/service/internal/accept-encoding v1.13.12 // indirect",
    "\tgithub.com/aws/aws-sdk-go-v2/service/internal/presigned-url v1.13.29 // indirect",
    "\tgithub.com/aws/aws-sdk-go-v2/service/signin v1.2.0 // indirect",
    "\tgithub.com/aws/aws-sdk-go-v2/service/sso v1.31.3 // indirect",
    "\tgithub.com/aws/aws-sdk-go-v2/service/ssooidc v1.36.6 // indirect",
    "\tgithub.com/aws/aws-sdk-go-v2/service/sts v1.43.3 // indirect",
    "\tgithub.com/aws/smithy-go v1.27.1 // indirect",
    "\tgithub.com/calico32/kdl-go v0.14.1 // indirect",
    "\tgithub.com/cespare/xxhash/v2 v2.3.0 // indirect",
    "\tgithub.com/clipperhouse/displaywidth v0.10.0 // indirect",
    "\tgithub.com/clipperhouse/uax29/v2 v2.6.0 // indirect",
    "\tgithub.com/fatih/color v1.18.0 // indirect",
    "\tgithub.com/getkin/kin-openapi v0.140.0 // indirect",
    "\tgithub.com/go-openapi/jsonpointer v0.22.5 // indirect",
    "\tgithub.com/go-openapi/swag/jsonname v0.25.5 // indirect",
    "\tgithub.com/jmespath-community/go-jmespath v1.1.1 // indirect",
    "\tgithub.com/mattn/go-colorable v0.1.14 // indirect",
    "\tgithub.com/mattn/go-isatty v0.0.20 // indirect",
    "\tgithub.com/mattn/go-runewidth v0.0.19 // indirect",
    "\tgithub.com/oasdiff/yaml v0.1.0 // indirect",
    "\tgithub.com/oasdiff/yaml3 v0.0.13 // indirect",
    "\tgithub.com/olekukonko/cat v0.0.0-20250911104152-50322a0618f6 // indirect",
    "\tgithub.com/olekukonko/errors v1.2.0 // indirect",
    "\tgithub.com/olekukonko/ll v0.1.6 // indirect",
    "\tgithub.com/olekukonko/tablewriter v1.1.4 // indirect",
    "\tgithub.com/rogpeppe/go-internal v1.15.0 // indirect",
    "\tgithub.com/santhosh-tekuri/jsonschema/v6 v6.0.2 // indirect",
    "\tgolang.org/x/exp v0.0.0-20230314191032-db074128a8ec // indirect",
    "\tgolang.org/x/sys v0.44.0 // indirect",
    "\tgolang.org/x/text v0.14.0 // indirect",
    "\tgopkg.in/natefinch/lumberjack.v2 v2.2.1 // indirect",
    "\tgopkg.in/yaml.v3 v3.0.1 // indirect",
    ")"
  ],
  "goSum": [
    "forgejo.coilysiren.me/coilyco-flight-deck/cli-guard v0.44.0 h1:8yDYppb9a4iNMY7UNdilNC6f34Vrt6V5qLkSwA3rrwU=",
    "forgejo.coilysiren.me/coilyco-flight-deck/cli-guard v0.44.0/go.mod h1:Pzz+QJWnzkoVdkqoq5vFLaVUVezqufl7ieIB9ZGL6kg=",
    "github.com/aws/aws-sdk-go-v2 v1.42.0 h1:XvXMJTkFQtpBKIWZnmr9ZEOc2InWM2yldjXEJ/bymhA=",
    "github.com/aws/aws-sdk-go-v2 v1.42.0/go.mod h1:27+ACypSLljLAEKsCYOmrjKh83vuTRkuAe9Uv/3A4bg=",
    "github.com/aws/aws-sdk-go-v2/config v1.32.25 h1:ACCejvStYoilgwrfegSt5ZntCbPrk52qfwyNcnl3omM=",
    "github.com/aws/aws-sdk-go-v2/config v1.32.25/go.mod h1:LJyU8sDRbXUxFn8xMJIGP+v9QYYwveNLI8a/giAOiAs=",
    "github.com/aws/aws-sdk-go-v2/credentials v1.19.24 h1:2hQqYCV9yqyePQ9o6dCrZc/zO8U3TwPr9mIKlZnPu/I=",
    "github.com/aws/aws-sdk-go-v2/credentials v1.19.24/go.mod h1:IDwpACtwqHLISdzfwUUNq4P9DsB/h5BLg4FwJPNfqFY=",
    "github.com/aws/aws-sdk-go-v2/feature/ec2/imds v1.18.29 h1:r6qZHbT+wxgWO/e9vYNUEtg7lv5+UN3pRqKhLXvnArg=",
    "github.com/aws/aws-sdk-go-v2/feature/ec2/imds v1.18.29/go.mod h1:QRnaRcTVGKPGRy8w78HMQtKUGRYcnMZAANATkeVA6Mo=",
    "github.com/aws/aws-sdk-go-v2/internal/configsources v1.4.29 h1:f3vKqSo13fhTYb+JEcXwXefZQE26I1FB5eTSniU67ko=",
    "github.com/aws/aws-sdk-go-v2/internal/configsources v1.4.29/go.mod h1:MzoLFUArKGpGD+ukmPiTPG1X5x4o6M2kq4v2dr1FiEc=",
    "github.com/aws/aws-sdk-go-v2/internal/endpoints/v2 v2.7.29 h1:RdwIf/CuUsvJX3RgJagbOyotl/cxoLY4xviKuE7p2GY=",
    "github.com/aws/aws-sdk-go-v2/internal/endpoints/v2 v2.7.29/go.mod h1:71wt8W2EgswdZy9Mf9KNnzxZ3TiZlv4caKghPktDOkA=",
    "github.com/aws/aws-sdk-go-v2/internal/v4a v1.4.30 h1:VTGy885W5DKBxWRUJbym9hytNaYzsyaPkCHGRRMAOhU=",
    "github.com/aws/aws-sdk-go-v2/internal/v4a v1.4.30/go.mod h1:AS0HycUvJRFvTt613AYDOgO2jzw+00cVSMny8XB3yMY=",
    "github.com/aws/aws-sdk-go-v2/service/internal/accept-encoding v1.13.12 h1:ZD2+BSw9vFsNlKYIasSNt3uDbjqqXIBcM13UJv/Lx2k=",
    "github.com/aws/aws-sdk-go-v2/service/internal/accept-encoding v1.13.12/go.mod h1:Ms4zlcVBbXbiP7EVLhl+lgjvA/a7YphqQ3Ih3174EmI=",
    "github.com/aws/aws-sdk-go-v2/service/internal/presigned-url v1.13.29 h1:DRebniUGZ2MqiiIVmQJ04vIXr918hubdHMnarSLEWyU=",
    "github.com/aws/aws-sdk-go-v2/service/internal/presigned-url v1.13.29/go.mod h1:LfRkPCD8YHDM2E5eTkos2UpwYeZnBcVarTa8L59bJHA=",
    "github.com/aws/aws-sdk-go-v2/service/signin v1.2.0 h1:3nXpRcFwRCW8n7HgO2QGy0Dc20eQNfBuUemGQhpF8m8=",
    "github.com/aws/aws-sdk-go-v2/service/signin v1.2.0/go.mod h1:LxYujSTLPRlp2vTtcUO/+1ilrew8ytt6SvQyOgejzFQ=",
    "github.com/aws/aws-sdk-go-v2/service/ssm v1.69.3 h1:58LjP8cp8UEHA1LG/JZ4fG9SobHE82kLYe46mogbSI4=",
    "github.com/aws/aws-sdk-go-v2/service/ssm v1.69.3/go.mod h1:16Zd02ocSJp68o4r36MQ4Rikf/Ulv4On5qjMpJJf5Mo=",
    "github.com/aws/aws-sdk-go-v2/service/sso v1.31.3 h1:ey1XLTYXb9PcLt4535632o5kCGXNXEhNb620Dqwuylo=",
    "github.com/aws/aws-sdk-go-v2/service/sso v1.31.3/go.mod h1:Lk7PlmoTYryQmyBG0EXqj5BcUbj3whXdU2s3yGI3EAc=",
    "github.com/aws/aws-sdk-go-v2/service/ssooidc v1.36.6 h1:yLr03zQE/5Eu5l3QU0Si+xMbLMbSDF2YXsigqXngs6g=",
    "github.com/aws/aws-sdk-go-v2/service/ssooidc v1.36.6/go.mod h1:Q5N6icH+KJZDLh+ESNwzdv6cZ6vLFF/egy3IOxWhmz4=",
    "github.com/aws/aws-sdk-go-v2/service/sts v1.43.3 h1:VrIhKRCSK1umelSgB9RghvA9RTUYeQffyAS5ApXehNI=",
    "github.com/aws/aws-sdk-go-v2/service/sts v1.43.3/go.mod h1:r8wkDOuLaaMFqFiYAb8dGY2A3gJCOujMc6CFOVC4Zhc=",
    "github.com/aws/smithy-go v1.27.1 h1:4T340VFndXtADGF52gYa1POyL7s9E4Z1OeZ1hCscIw8=",
    "github.com/aws/smithy-go v1.27.1/go.mod h1:YE2RhdIuDbA5E5bTdciG9KrW3+TiEONeUWCqxX9i1Fc=",
    "github.com/calico32/kdl-go v0.14.1 h1:aZWwk/tAG3psn2J992KJciUu+0S999L078YiQLa5R9E=",
    "github.com/calico32/kdl-go v0.14.1/go.mod h1:KXQM2fSZFMRDsjNrmCD/k3QVFhrREPMJhQCNcxEQZIo=",
    "github.com/cespare/xxhash/v2 v2.3.0 h1:UL815xU9SqsFlibzuggzjXhog7bL6oX9BbNZnL2UFvs=",
    "github.com/cespare/xxhash/v2 v2.3.0/go.mod h1:VGX0DQ3Q6kWi7AoAeZDth3/j3BFtOZR5XLFGgcrjCOs=",
    "github.com/clipperhouse/displaywidth v0.10.0 h1:GhBG8WuerxjFQQYeuZAeVTuyxuX+UraiZGD4HJQ3Y8g=",
    "github.com/clipperhouse/displaywidth v0.10.0/go.mod h1:XqJajYsaiEwkxOj4bowCTMcT1SgvHo9flfF3jQasdbs=",
    "github.com/clipperhouse/uax29/v2 v2.6.0 h1:z0cDbUV+aPASdFb2/ndFnS9ts/WNXgTNNGFoKXuhpos=",
    "github.com/clipperhouse/uax29/v2 v2.6.0/go.mod h1:Wn1g7MK6OoeDT0vL+Q0SQLDz/KpfsVRgg6W7ihQeh4g=",
    "github.com/davecgh/go-spew v1.1.1 h1:vj9j/u1bqnvCEfJOwUhtlOARqs3+rkHYY13jYWTU97c=",
    "github.com/davecgh/go-spew v1.1.1/go.mod h1:J7Y8YcW2NihsgmVo/mv3lAwl/skON4iLHjSsI+c5H38=",
    "github.com/dlclark/regexp2 v1.11.0 h1:G/nrcoOa7ZXlpoa/91N3X7mM3r8eIlMBBJZvsz/mxKI=",
    "github.com/dlclark/regexp2 v1.11.0/go.mod h1:DHkYz0B9wPfa6wondMfaivmHpzrQ3v9q8cnmRbL6yW8=",
    "github.com/fatih/color v1.18.0 h1:S8gINlzdQ840/4pfAwic/ZE0djQEH3wM94VfqLTZcOM=",
    "github.com/fatih/color v1.18.0/go.mod h1:4FelSpRwEGDpQ12mAdzqdOukCy4u8WUtOY6lkT/6HfU=",
    "github.com/getkin/kin-openapi v0.140.0 h1:JFn675aXRFjyiZKa/BFWploGldQlI0gobp4J5k0EZ2g=",
    "github.com/getkin/kin-openapi v0.140.0/go.mod h1:lISrB64F0CPcuDJ3LdtPTMJBY8VENjR9wJBdrcT6J3g=",
    "github.com/go-openapi/jsonpointer v0.22.5 h1:8on/0Yp4uTb9f4XvTrM2+1CPrV05QPZXu+rvu2o9jcA=",
    "github.com/go-openapi/jsonpointer v0.22.5/go.mod h1:gyUR3sCvGSWchA2sUBJGluYMbe1zazrYWIkWPjjMUY0=",
    "github.com/go-openapi/swag/jsonname v0.25.5 h1:8p150i44rv/Drip4vWI3kGi9+4W9TdI3US3uUYSFhSo=",
    "github.com/go-openapi/swag/jsonname v0.25.5/go.mod h1:jNqqikyiAK56uS7n8sLkdaNY/uq6+D2m2LANat09pKU=",
    "github.com/go-openapi/testify/v2 v2.4.0 h1:8nsPrHVCWkQ4p8h1EsRVymA2XABB4OT40gcvAu+voFM=",
    "github.com/go-openapi/testify/v2 v2.4.0/go.mod h1:HCPmvFFnheKK2BuwSA0TbbdxJ3I16pjwMkYkP4Ywn54=",
    "github.com/jmespath-community/go-jmespath v1.1.1 h1:bFikPhsi/FdmlZhVgSCd2jj1e7G/rw+zyQfyg5UF+L4=",
    "github.com/jmespath-community/go-jmespath v1.1.1/go.mod h1:4gOyFJsR/Gk+05RgTKYrifT7tBPWD8Lubtb5jRrfy9I=",
    "github.com/kr/pretty v0.3.1 h1:flRD4NNwYAUpkphVc1HcthR4KEIFJ65n8Mw5qdRn3LE=",
    "github.com/kr/pretty v0.3.1/go.mod h1:hoEshYVHaxMs3cyo3Yncou5ZscifuDolrwPKZanG3xk=",
    "github.com/kr/text v0.2.0 h1:5Nx0Ya0ZqY2ygV366QzturHI13Jq95ApcVaJBhpS+AY=",
    "github.com/kr/text v0.2.0/go.mod h1:eLer722TekiGuMkidMxC/pM04lWEeraHUUmBw8l2grE=",
    "github.com/mattn/go-colorable v0.1.14 h1:9A9LHSqF/7dyVVX6g0U9cwm9pG3kP9gSzcuIPHPsaIE=",
    "github.com/mattn/go-colorable v0.1.14/go.mod h1:6LmQG8QLFO4G5z1gPvYEzlUgJ2wF+stgPZH1UqBm1s8=",
    "github.com/mattn/go-isatty v0.0.20 h1:xfD0iDuEKnDkl03q4limB+vH+GxLEtL/jb4xVJSWWEY=",
    "github.com/mattn/go-isatty v0.0.20/go.mod h1:W+V8PltTTMOvKvAeJH7IuucS94S2C6jfK/D7dTCTo3Y=",
    "github.com/mattn/go-runewidth v0.0.19 h1:v++JhqYnZuu5jSKrk9RbgF5v4CGUjqRfBm05byFGLdw=",
    "github.com/mattn/go-runewidth v0.0.19/go.mod h1:XBkDxAl56ILZc9knddidhrOlY5R/pDhgLpndooCuJAs=",
    "github.com/oasdiff/yaml v0.1.0 h1:0bqZjfKc/8S9urj4JuwepX41WX9EoA6ifhU3SV06cXg=",
    "github.com/oasdiff/yaml v0.1.0/go.mod h1:kOlRmMdL2X3vucLCEQO5u61SU22RysnfXvcttrZA1O0=",
    "github.com/oasdiff/yaml3 v0.0.13 h1:06svmvOHOVBqF81+sY2EUScvUI/iS/vl2VIeUUxZQwg=",
    "github.com/oasdiff/yaml3 v0.0.13/go.mod h1:y5+oSEHCPT/DGrS++Wc/479ERge0zTFxaF8PbGKcg2o=",
    "github.com/olekukonko/cat v0.0.0-20250911104152-50322a0618f6 h1:zrbMGy9YXpIeTnGj4EljqMiZsIcE09mmF8XsD5AYOJc=",
    "github.com/olekukonko/cat v0.0.0-20250911104152-50322a0618f6/go.mod h1:rEKTHC9roVVicUIfZK7DYrdIoM0EOr8mK1Hj5s3JjH0=",
    "github.com/olekukonko/errors v1.2.0 h1:10Zcn4GeV59t/EGqJc8fUjtFT/FuUh5bTMzZ1XwmCRo=",
    "github.com/olekukonko/errors v1.2.0/go.mod h1:ppzxA5jBKcO1vIpCXQ9ZqgDh8iwODz6OXIGKU8r5m4Y=",
    "github.com/olekukonko/ll v0.1.6 h1:lGVTHO+Qc4Qm+fce/2h2m5y9LvqaW+DCN7xW9hsU3uA=",
    "github.com/olekukonko/ll v0.1.6/go.mod h1:NVUmjBb/aCtUpjKk75BhWrOlARz3dqsM+OtszpY4o88=",
    "github.com/olekukonko/tablewriter v1.1.4 h1:ORUMI3dXbMnRlRggJX3+q7OzQFDdvgbN9nVWj1drm6I=",
    "github.com/olekukonko/tablewriter v1.1.4/go.mod h1:+kedxuyTtgoZLwif3P1Em4hARJs+mVnzKxmsCL/C5RY=",
    "github.com/pmezard/go-difflib v1.0.0 h1:4DBwDE0NGyQoBHbLQYPwSUPoCMWR5BEzIk/f1lZbAQM=",
    "github.com/pmezard/go-difflib v1.0.0/go.mod h1:iKH77koFhYxTK1pcRnkKkqfTogsbg7gZNVY4sRDYZ/4=",
    "github.com/rogpeppe/go-internal v1.15.0 h1:D0RCU5rMAp+SpgkiNdrjfJ+LX4J1M32V2NeCY7EJ6hc=",
    "github.com/rogpeppe/go-internal v1.15.0/go.mod h1:DrUVZyrJU+txYW5/1kwtXQSMFio52ZOxX7yM1VHvnxs=",
    "github.com/santhosh-tekuri/jsonschema/v6 v6.0.2 h1:KRzFb2m7YtdldCEkzs6KqmJw4nqEVZGK7IN2kJkjTuQ=",
    "github.com/santhosh-tekuri/jsonschema/v6 v6.0.2/go.mod h1:JXeL+ps8p7/KNMjDQk3TCwPpBy0wYklyWTfbkIzdIFU=",
    "github.com/stretchr/testify v1.11.1 h1:7s2iGBzp5EwR7/aIZr8ao5+dra3wiQyKjjFuvgVKu7U=",
    "github.com/stretchr/testify v1.11.1/go.mod h1:wZwfW3scLgRK+23gO65QZefKpKQRnfz6sD981Nm4B6U=",
    "github.com/urfave/cli/v3 v3.9.0 h1:AV9lIiPv3ukYnxunaCUsHnEozptYmDN2F0+yWqLMn/c=",
    "github.com/urfave/cli/v3 v3.9.0/go.mod h1:ysVLtOEmg2tOy6PknnYVhDoouyC/6N42TMeoMzskhso=",
    "golang.org/x/exp v0.0.0-20230314191032-db074128a8ec h1:pAv+d8BM2JNnNctsLJ6nnZ6NqXT8N4+eauvZSb3P0I0=",
    "golang.org/x/exp v0.0.0-20230314191032-db074128a8ec/go.mod h1:CxIveKay+FTh1D0yPZemJVgC/95VzuuOLq5Qi4xnoYc=",
    "golang.org/x/sys v0.44.0 h1:ildZl3J4uzeKP07r2F++Op7E9B29JRUy+a27EibtBTQ=",
    "golang.org/x/sys v0.44.0/go.mod h1:4GL1E5IUh+htKOUEOaiffhrAeqysfVGipDYzABqnCmw=",
    "golang.org/x/sys v0.6.0/go.mod h1:oPkhp1MJrh7nUepCBck5+mAzfO9JrbApNNgaTdGDITg=",
    "golang.org/x/text v0.14.0 h1:ScX5w1eTa3QqT8oi6+ziP7dTV1S2+ALU0bI+0zXKWiQ=",
    "golang.org/x/text v0.14.0/go.mod h1:18ZOQIKpY8NJVqYksKHtTdi31H5itFRjB5/qKTNYzSU=",
    "gopkg.in/check.v1 v0.0.0-20161208181325-20d25e280405/go.mod h1:Co6ibVJAznAaIkqp8huTwlJQCZ016jof/cbN4VW5Yz0=",
    "gopkg.in/check.v1 v1.0.0-20201130134442-10cb98267c6c h1:Hei/4ADfdWqJk1ZMxUNpqntNwaWcugrBjAiHlqqRiVk=",
    "gopkg.in/check.v1 v1.0.0-20201130134442-10cb98267c6c/go.mod h1:JHkPIbrfpd72SG/EVd6muEfDQjcINNoR0C8j2r3qZ4Q=",
    "gopkg.in/natefinch/lumberjack.v2 v2.2.1 h1:bBRl1b0OH9s/DuPhuXpNl+VtCaJXFZ5/uEFST95x9zc=",
    "gopkg.in/natefinch/lumberjack.v2 v2.2.1/go.mod h1:YD8tP3GAjkrDg1eZH7EGmyESg/lsYskCTPBJVb9jqSc=",
    "gopkg.in/yaml.v3 v3.0.1 h1:fxVm/GzAzEWqLHuvctI91KS9hhNmmWOoWu0XTYJS7CA=",
    "gopkg.in/yaml.v3 v3.0.1/go.mod h1:K4uyk7z7BCEPqu6E+C64Yfv1cQ7kz7rIZviUmN+EgEM="
  ]
}
